
Microsoft Visual Studio Solution File, Format Version 12.00
# Visual Studio Version 17
VisualStudioVersion = 17.6.33829.357
MinimumVisualStudioVersion = 10.0.40219.1
Project("{FAE04EC0-301F-11D3-BF4B-00C04F79EFBC}") = "project_ManaTV", "project_ManaTV\project_ManaTV.csproj", "{EB6117D6-C4E7-46CF-8DF6-C0F9C5E3A499}"
EndProject
Global
	GlobalSection(SolutionConfigurationPlatforms) = preSolution
		Debug|Any CPU = Debug|Any CPU
		Release|Any CPU = Release|Any CPU
	EndGlobalSection
	GlobalSection(ProjectConfigurationPlatforms) = postSolution
		{EB6117D6-C4E7-46CF-8DF6-C0F9C5E3A499}.Debug|Any CPU.ActiveCfg = Debug|Any CPU
		{EB6117D6-C4E7-46CF-8DF6-C0F9C5E3A499}.Debug|Any CPU.Build.0 = Debug|Any CPU
		{EB6117D6-C4E7-46CF-8DF6-C0F9C5E3A499}.Release|Any CPU.ActiveCfg = Release|Any CPU
		{EB6117D6-C4E7-46CF-8DF6-C0F9C5E3A499}.Release|Any CPU.Build.0 = Release|Any CPU
	EndGlobalSection
	GlobalSection(SolutionProperties) = preSolution
		HideSolutionNode = FALSE
	EndGlobalSection
	GlobalSection(ExtensibilityGlobals) = postSolution
		SolutionGuid = {104A4F96-4C1B-431A-963E-7BE60C7D49C7}
	EndGlobalSection
EndGlobal
